
Microsoft Visual Studio Solution File, Format Version 12.00
# Visual Studio 15
VisualStudioVersion = 15.0.28307.136
MinimumVisualStudioVersion = 10.0.40219.1
Project("{FAE04EC0-301F-11D3-BF4B-00C04F79EFBC}") = "UI", "UI\UI.csproj", "{C1DFBBC8-CA22-4D22-B487-822588717BB8}"
	ProjectSection(ProjectDependencies) = postProject
		{EAC4A133-93BE-4400-BFA9-CEB1615693C4} = {EAC4A133-93BE-4400-BFA9-CEB1615693C4}
		{BA9A65A0-00FE-4BF4-A023-7D804817453F} = {BA9A65A0-00FE-4BF4-A023-7D804817453F}
	EndProjectSection
EndProject
Project("{FAE04EC0-301F-11D3-BF4B-00C04F79EFBC}") = "BAL", "BAL\BAL.csproj", "{E70B28AC-1C60-4880-A9DD-3087213D970B}"
EndProject
Project("{FAE04EC0-301F-11D3-BF4B-00C04F79EFBC}") = "DAL", "DAL\DAL.csproj", "{86A4C2D7-E459-4A86-841F-04332BA7B97F}"
EndProject
Project("{FAE04EC0-301F-11D3-BF4B-00C04F79EFBC}") = "MODEL", "MODEL\MODEL.csproj", "{28AA8BAC-2F1E-4AC8-B2C0-E283C2F77806}"
EndProject
Project("{FAE04EC0-301F-11D3-BF4B-00C04F79EFBC}") = "NAPS2", "NAPS2\NAPS2.csproj", "{EAC4A133-93BE-4400-BFA9-CEB1615693C4}"
EndProject
Project("{FAE04EC0-301F-11D3-BF4B-00C04F79EFBC}") = "NAPS2.Console", "NAPS2.Console\NAPS2.Console.csproj", "{2A321772-75B2-4601-A718-AF0A2370E6A8}"
EndProject
Project("{FAE04EC0-301F-11D3-BF4B-00C04F79EFBC}") = "NAPS2.Core", "NAPS2.Core\NAPS2.Core.csproj", "{968378FA-A649-4058-A928-1FCD97B23070}"
EndProject
Project("{FAE04EC0-301F-11D3-BF4B-00C04F79EFBC}") = "NAPS2.DI", "NAPS2.DI\NAPS2.DI.csproj", "{4D349529-149B-498B-8A55-373E6A67E1F0}"
EndProject
Project("{FAE04EC0-301F-11D3-BF4B-00C04F79EFBC}") = "NAPS2.Localization", "NAPS2.Localization\NAPS2.Localization.csproj", "{F6CD6C88-49EA-4443-BB45-69FB79788C61}"
EndProject
Project("{FAE04EC0-301F-11D3-BF4B-00C04F79EFBC}") = "NAPS2.Portable", "NAPS2.Portable\NAPS2.Portable.csproj", "{A6BCC071-7667-4F8B-ACC2-6FC7F4A9CD32}"
EndProject
Project("{FAE04EC0-301F-11D3-BF4B-00C04F79EFBC}") = "NAPS2.Server", "NAPS2.Server\NAPS2.Server.csproj", "{BC0E3031-6C00-4707-A424-4FF04425D719}"
EndProject
Project("{FAE04EC0-301F-11D3-BF4B-00C04F79EFBC}") = "NAPS2.Tests", "NAPS2.Tests\NAPS2.Tests.csproj", "{11FC4BE1-882D-4ABA-8781-2F3F77DF9453}"
EndProject
Project("{FAE04EC0-301F-11D3-BF4B-00C04F79EFBC}") = "NAPS2.Worker", "NAPS2.Worker\NAPS2.Worker.csproj", "{BA9A65A0-00FE-4BF4-A023-7D804817453F}"
EndProject
Project("{FAE04EC0-301F-11D3-BF4B-00C04F79EFBC}") = "winform_jump", "winform_jump\winform_jump.csproj", "{F324DD33-7906-45C6-9C2E-3F8F2CDA9022}"
	ProjectSection(ProjectDependencies) = postProject
		{EAC4A133-93BE-4400-BFA9-CEB1615693C4} = {EAC4A133-93BE-4400-BFA9-CEB1615693C4}
	EndProjectSection
EndProject
Global
	GlobalSection(SolutionConfigurationPlatforms) = preSolution
		Debug|Any CPU = Debug|Any CPU
		Debug|x86 = Debug|x86
		DebugLang|Any CPU = DebugLang|Any CPU
		DebugLang|x86 = DebugLang|x86
		InstallerEXE|Any CPU = InstallerEXE|Any CPU
		InstallerEXE|x86 = InstallerEXE|x86
		InstallerMSI|Any CPU = InstallerMSI|Any CPU
		InstallerMSI|x86 = InstallerMSI|x86
		Release|Any CPU = Release|Any CPU
		Release|x86 = Release|x86
		Standalone|Any CPU = Standalone|Any CPU
		Standalone|x86 = Standalone|x86
	EndGlobalSection
	GlobalSection(ProjectConfigurationPlatforms) = postSolution
		{C1DFBBC8-CA22-4D22-B487-822588717BB8}.Debug|Any CPU.ActiveCfg = Debug|Any CPU
		{C1DFBBC8-CA22-4D22-B487-822588717BB8}.Debug|Any CPU.Build.0 = Debug|Any CPU
		{C1DFBBC8-CA22-4D22-B487-822588717BB8}.Debug|x86.ActiveCfg = Debug|Any CPU
		{C1DFBBC8-CA22-4D22-B487-822588717BB8}.Debug|x86.Build.0 = Debug|Any CPU
		{C1DFBBC8-CA22-4D22-B487-822588717BB8}.DebugLang|Any CPU.ActiveCfg = Debug|Any CPU
		{C1DFBBC8-CA22-4D22-B487-822588717BB8}.DebugLang|Any CPU.Build.0 = Debug|Any CPU
		{C1DFBBC8-CA22-4D22-B487-822588717BB8}.DebugLang|x86.ActiveCfg = Debug|Any CPU
		{C1DFBBC8-CA22-4D22-B487-822588717BB8}.DebugLang|x86.Build.0 = Debug|Any CPU
		{C1DFBBC8-CA22-4D22-B487-822588717BB8}.InstallerEXE|Any CPU.ActiveCfg = Release|Any CPU
		{C1DFBBC8-CA22-4D22-B487-822588717BB8}.InstallerEXE|Any CPU.Build.0 = Release|Any CPU
		{C1DFBBC8-CA22-4D22-B487-822588717BB8}.InstallerEXE|x86.ActiveCfg = Release|Any CPU
		{C1DFBBC8-CA22-4D22-B487-822588717BB8}.InstallerEXE|x86.Build.0 = Release|Any CPU
		{C1DFBBC8-CA22-4D22-B487-822588717BB8}.InstallerMSI|Any CPU.ActiveCfg = Release|Any CPU
		{C1DFBBC8-CA22-4D22-B487-822588717BB8}.InstallerMSI|Any CPU.Build.0 = Release|Any CPU
		{C1DFBBC8-CA22-4D22-B487-822588717BB8}.InstallerMSI|x86.ActiveCfg = Release|Any CPU
		{C1DFBBC8-CA22-4D22-B487-822588717BB8}.InstallerMSI|x86.Build.0 = Release|Any CPU
		{C1DFBBC8-CA22-4D22-B487-822588717BB8}.Release|Any CPU.ActiveCfg = Release|Any CPU
		{C1DFBBC8-CA22-4D22-B487-822588717BB8}.Release|Any CPU.Build.0 = Release|Any CPU
		{C1DFBBC8-CA22-4D22-B487-822588717BB8}.Release|x86.ActiveCfg = Release|Any CPU
		{C1DFBBC8-CA22-4D22-B487-822588717BB8}.Release|x86.Build.0 = Release|Any CPU
		{C1DFBBC8-CA22-4D22-B487-822588717BB8}.Standalone|Any CPU.ActiveCfg = Release|Any CPU
		{C1DFBBC8-CA22-4D22-B487-822588717BB8}.Standalone|Any CPU.Build.0 = Release|Any CPU
		{C1DFBBC8-CA22-4D22-B487-822588717BB8}.Standalone|x86.ActiveCfg = Release|Any CPU
		{C1DFBBC8-CA22-4D22-B487-822588717BB8}.Standalone|x86.Build.0 = Release|Any CPU
		{E70B28AC-1C60-4880-A9DD-3087213D970B}.Debug|Any CPU.ActiveCfg = Debug|Any CPU
		{E70B28AC-1C60-4880-A9DD-3087213D970B}.Debug|Any CPU.Build.0 = Debug|Any CPU
		{E70B28AC-1C60-4880-A9DD-3087213D970B}.Debug|x86.ActiveCfg = Debug|Any CPU
		{E70B28AC-1C60-4880-A9DD-3087213D970B}.Debug|x86.Build.0 = Debug|Any CPU
		{E70B28AC-1C60-4880-A9DD-3087213D970B}.DebugLang|Any CPU.ActiveCfg = Debug|Any CPU
		{E70B28AC-1C60-4880-A9DD-3087213D970B}.DebugLang|Any CPU.Build.0 = Debug|Any CPU
		{E70B28AC-1C60-4880-A9DD-3087213D970B}.DebugLang|x86.ActiveCfg = Debug|Any CPU
		{E70B28AC-1C60-4880-A9DD-3087213D970B}.DebugLang|x86.Build.0 = Debug|Any CPU
		{E70B28AC-1C60-4880-A9DD-3087213D970B}.InstallerEXE|Any CPU.ActiveCfg = Release|Any CPU
		{E70B28AC-1C60-4880-A9DD-3087213D970B}.InstallerEXE|Any CPU.Build.0 = Release|Any CPU
		{E70B28AC-1C60-4880-A9DD-3087213D970B}.InstallerEXE|x86.ActiveCfg = Release|Any CPU
		{E70B28AC-1C60-4880-A9DD-3087213D970B}.InstallerEXE|x86.Build.0 = Release|Any CPU
		{E70B28AC-1C60-4880-A9DD-3087213D970B}.InstallerMSI|Any CPU.ActiveCfg = Release|Any CPU
		{E70B28AC-1C60-4880-A9DD-3087213D970B}.InstallerMSI|Any CPU.Build.0 = Release|Any CPU
		{E70B28AC-1C60-4880-A9DD-3087213D970B}.InstallerMSI|x86.ActiveCfg = Release|Any CPU
		{E70B28AC-1C60-4880-A9DD-3087213D970B}.InstallerMSI|x86.Build.0 = Release|Any CPU
		{E70B28AC-1C60-4880-A9DD-3087213D970B}.Release|Any CPU.ActiveCfg = Release|Any CPU
		{E70B28AC-1C60-4880-A9DD-3087213D970B}.Release|Any CPU.Build.0 = Release|Any CPU
		{E70B28AC-1C60-4880-A9DD-3087213D970B}.Release|x86.ActiveCfg = Release|Any CPU
		{E70B28AC-1C60-4880-A9DD-3087213D970B}.Release|x86.Build.0 = Release|Any CPU
		{E70B28AC-1C60-4880-A9DD-3087213D970B}.Standalone|Any CPU.ActiveCfg = Release|Any CPU
		{E70B28AC-1C60-4880-A9DD-3087213D970B}.Standalone|Any CPU.Build.0 = Release|Any CPU
		{E70B28AC-1C60-4880-A9DD-3087213D970B}.Standalone|x86.ActiveCfg = Release|Any CPU
		{E70B28AC-1C60-4880-A9DD-3087213D970B}.Standalone|x86.Build.0 = Release|Any CPU
		{86A4C2D7-E459-4A86-841F-04332BA7B97F}.Debug|Any CPU.ActiveCfg = Debug|Any CPU
		{86A4C2D7-E459-4A86-841F-04332BA7B97F}.Debug|Any CPU.Build.0 = Debug|Any CPU
		{86A4C2D7-E459-4A86-841F-04332BA7B97F}.Debug|x86.ActiveCfg = Debug|Any CPU
		{86A4C2D7-E459-4A86-841F-04332BA7B97F}.Debug|x86.Build.0 = Debug|Any CPU
		{86A4C2D7-E459-4A86-841F-04332BA7B97F}.DebugLang|Any CPU.ActiveCfg = Debug|Any CPU
		{86A4C2D7-E459-4A86-841F-04332BA7B97F}.DebugLang|Any CPU.Build.0 = Debug|Any CPU
		{86A4C2D7-E459-4A86-841F-04332BA7B97F}.DebugLang|x86.ActiveCfg = Debug|Any CPU
		{86A4C2D7-E459-4A86-841F-04332BA7B97F}.DebugLang|x86.Build.0 = Debug|Any CPU
		{86A4C2D7-E459-4A86-841F-04332BA7B97F}.InstallerEXE|Any CPU.ActiveCfg = Release|Any CPU
		{86A4C2D7-E459-4A86-841F-04332BA7B97F}.InstallerEXE|Any CPU.Build.0 = Release|Any CPU
		{86A4C2D7-E459-4A86-841F-04332BA7B97F}.InstallerEXE|x86.ActiveCfg = Release|Any CPU
		{86A4C2D7-E459-4A86-841F-04332BA7B97F}.InstallerEXE|x86.Build.0 = Release|Any CPU
		{86A4C2D7-E459-4A86-841F-04332BA7B97F}.InstallerMSI|Any CPU.ActiveCfg = Release|Any CPU
		{86A4C2D7-E459-4A86-841F-04332BA7B97F}.InstallerMSI|Any CPU.Build.0 = Release|Any CPU
		{86A4C2D7-E459-4A86-841F-04332BA7B97F}.InstallerMSI|x86.ActiveCfg = Release|Any CPU
		{86A4C2D7-E459-4A86-841F-04332BA7B97F}.InstallerMSI|x86.Build.0 = Release|Any CPU
		{86A4C2D7-E459-4A86-841F-04332BA7B97F}.Release|Any CPU.ActiveCfg = Release|Any CPU
		{86A4C2D7-E459-4A86-841F-04332BA7B97F}.Release|Any CPU.Build.0 = Release|Any CPU
		{86A4C2D7-E459-4A86-841F-04332BA7B97F}.Release|x86.ActiveCfg = Release|Any CPU
		{86A4C2D7-E459-4A86-841F-04332BA7B97F}.Release|x86.Build.0 = Release|Any CPU
		{86A4C2D7-E459-4A86-841F-04332BA7B97F}.Standalone|Any CPU.ActiveCfg = Release|Any CPU
		{86A4C2D7-E459-4A86-841F-04332BA7B97F}.Standalone|Any CPU.Build.0 = Release|Any CPU
		{86A4C2D7-E459-4A86-841F-04332BA7B97F}.Standalone|x86.ActiveCfg = Release|Any CPU
		{86A4C2D7-E459-4A86-841F-04332BA7B97F}.Standalone|x86.Build.0 = Release|Any CPU
		{28AA8BAC-2F1E-4AC8-B2C0-E283C2F77806}.Debug|Any CPU.ActiveCfg = Debug|Any CPU
		{28AA8BAC-2F1E-4AC8-B2C0-E283C2F77806}.Debug|Any CPU.Build.0 = Debug|Any CPU
		{28AA8BAC-2F1E-4AC8-B2C0-E283C2F77806}.Debug|x86.ActiveCfg = Debug|Any CPU
		{28AA8BAC-2F1E-4AC8-B2C0-E283C2F77806}.Debug|x86.Build.0 = Debug|Any CPU
		{28AA8BAC-2F1E-4AC8-B2C0-E283C2F77806}.DebugLang|Any CPU.ActiveCfg = Debug|Any CPU
		{28AA8BAC-2F1E-4AC8-B2C0-E283C2F77806}.DebugLang|Any CPU.Build.0 = Debug|Any CPU
		{28AA8BAC-2F1E-4AC8-B2C0-E283C2F77806}.DebugLang|x86.ActiveCfg = Debug|Any CPU
		{28AA8BAC-2F1E-4AC8-B2C0-E283C2F77806}.DebugLang|x86.Build.0 = Debug|Any CPU
		{28AA8BAC-2F1E-4AC8-B2C0-E283C2F77806}.InstallerEXE|Any CPU.ActiveCfg = Release|Any CPU
		{28AA8BAC-2F1E-4AC8-B2C0-E283C2F77806}.InstallerEXE|Any CPU.Build.0 = Release|Any CPU
		{28AA8BAC-2F1E-4AC8-B2C0-E283C2F77806}.InstallerEXE|x86.ActiveCfg = Release|Any CPU
		{28AA8BAC-2F1E-4AC8-B2C0-E283C2F77806}.InstallerEXE|x86.Build.0 = Release|Any CPU
		{28AA8BAC-2F1E-4AC8-B2C0-E283C2F77806}.InstallerMSI|Any CPU.ActiveCfg = Release|Any CPU
		{28AA8BAC-2F1E-4AC8-B2C0-E283C2F77806}.InstallerMSI|Any CPU.Build.0 = Release|Any CPU
		{28AA8BAC-2F1E-4AC8-B2C0-E283C2F77806}.InstallerMSI|x86.ActiveCfg = Release|Any CPU
		{28AA8BAC-2F1E-4AC8-B2C0-E283C2F77806}.InstallerMSI|x86.Build.0 = Release|Any CPU
		{28AA8BAC-2F1E-4AC8-B2C0-E283C2F77806}.Release|Any CPU.ActiveCfg = Release|Any CPU
		{28AA8BAC-2F1E-4AC8-B2C0-E283C2F77806}.Release|Any CPU.Build.0 = Release|Any CPU
		{28AA8BAC-2F1E-4AC8-B2C0-E283C2F77806}.Release|x86.ActiveCfg = Release|Any CPU
		{28AA8BAC-2F1E-4AC8-B2C0-E283C2F77806}.Release|x86.Build.0 = Release|Any CPU
		{28AA8BAC-2F1E-4AC8-B2C0-E283C2F77806}.Standalone|Any CPU.ActiveCfg = Release|Any CPU
		{28AA8BAC-2F1E-4AC8-B2C0-E283C2F77806}.Standalone|Any CPU.Build.0 = Release|Any CPU
		{28AA8BAC-2F1E-4AC8-B2C0-E283C2F77806}.Standalone|x86.ActiveCfg = Release|Any CPU
		{28AA8BAC-2F1E-4AC8-B2C0-E283C2F77806}.Standalone|x86.Build.0 = Release|Any CPU
		{EAC4A133-93BE-4400-BFA9-CEB1615693C4}.Debug|Any CPU.ActiveCfg = Debug|Any CPU
		{EAC4A133-93BE-4400-BFA9-CEB1615693C4}.Debug|Any CPU.Build.0 = Debug|Any CPU
		{EAC4A133-93BE-4400-BFA9-CEB1615693C4}.Debug|x86.ActiveCfg = Debug|x86
		{EAC4A133-93BE-4400-BFA9-CEB1615693C4}.Debug|x86.Build.0 = Debug|x86
		{EAC4A133-93BE-4400-BFA9-CEB1615693C4}.DebugLang|Any CPU.ActiveCfg = DebugLang|Any CPU
		{EAC4A133-93BE-4400-BFA9-CEB1615693C4}.DebugLang|Any CPU.Build.0 = DebugLang|Any CPU
		{EAC4A133-93BE-4400-BFA9-CEB1615693C4}.DebugLang|x86.ActiveCfg = DebugLang|x86
		{EAC4A133-93BE-4400-BFA9-CEB1615693C4}.DebugLang|x86.Build.0 = DebugLang|x86
		{EAC4A133-93BE-4400-BFA9-CEB1615693C4}.InstallerEXE|Any CPU.ActiveCfg = InstallerEXE|Any CPU
		{EAC4A133-93BE-4400-BFA9-CEB1615693C4}.InstallerEXE|Any CPU.Build.0 = InstallerEXE|Any CPU
		{EAC4A133-93BE-4400-BFA9-CEB1615693C4}.InstallerEXE|x86.ActiveCfg = InstallerEXE|x86
		{EAC4A133-93BE-4400-BFA9-CEB1615693C4}.InstallerEXE|x86.Build.0 = InstallerEXE|x86
		{EAC4A133-93BE-4400-BFA9-CEB1615693C4}.InstallerMSI|Any CPU.ActiveCfg = InstallerMSI|Any CPU
		{EAC4A133-93BE-4400-BFA9-CEB1615693C4}.InstallerMSI|Any CPU.Build.0 = InstallerMSI|Any CPU
		{EAC4A133-93BE-4400-BFA9-CEB1615693C4}.InstallerMSI|x86.ActiveCfg = InstallerMSI|x86
		{EAC4A133-93BE-4400-BFA9-CEB1615693C4}.InstallerMSI|x86.Build.0 = InstallerMSI|x86
		{EAC4A133-93BE-4400-BFA9-CEB1615693C4}.Release|Any CPU.ActiveCfg = DebugLang|Any CPU
		{EAC4A133-93BE-4400-BFA9-CEB1615693C4}.Release|Any CPU.Build.0 = DebugLang|Any CPU
		{EAC4A133-93BE-4400-BFA9-CEB1615693C4}.Release|x86.ActiveCfg = DebugLang|x86
		{EAC4A133-93BE-4400-BFA9-CEB1615693C4}.Release|x86.Build.0 = DebugLang|x86
		{EAC4A133-93BE-4400-BFA9-CEB1615693C4}.Standalone|Any CPU.ActiveCfg = Standalone|Any CPU
		{EAC4A133-93BE-4400-BFA9-CEB1615693C4}.Standalone|Any CPU.Build.0 = Standalone|Any CPU
		{EAC4A133-93BE-4400-BFA9-CEB1615693C4}.Standalone|x86.ActiveCfg = Standalone|x86
		{EAC4A133-93BE-4400-BFA9-CEB1615693C4}.Standalone|x86.Build.0 = Standalone|x86
		{2A321772-75B2-4601-A718-AF0A2370E6A8}.Debug|Any CPU.ActiveCfg = Debug|x86
		{2A321772-75B2-4601-A718-AF0A2370E6A8}.Debug|x86.ActiveCfg = Debug|x86
		{2A321772-75B2-4601-A718-AF0A2370E6A8}.Debug|x86.Build.0 = Debug|x86
		{2A321772-75B2-4601-A718-AF0A2370E6A8}.DebugLang|Any CPU.ActiveCfg = Standalone|x86
		{2A321772-75B2-4601-A718-AF0A2370E6A8}.DebugLang|Any CPU.Build.0 = Standalone|x86
		{2A321772-75B2-4601-A718-AF0A2370E6A8}.DebugLang|x86.ActiveCfg = Debug|x86
		{2A321772-75B2-4601-A718-AF0A2370E6A8}.DebugLang|x86.Build.0 = Debug|x86
		{2A321772-75B2-4601-A718-AF0A2370E6A8}.InstallerEXE|Any CPU.ActiveCfg = InstallerEXE|x86
		{2A321772-75B2-4601-A718-AF0A2370E6A8}.InstallerEXE|x86.ActiveCfg = InstallerEXE|x86
		{2A321772-75B2-4601-A718-AF0A2370E6A8}.InstallerEXE|x86.Build.0 = InstallerEXE|x86
		{2A321772-75B2-4601-A718-AF0A2370E6A8}.InstallerMSI|Any CPU.ActiveCfg = InstallerMSI|x86
		{2A321772-75B2-4601-A718-AF0A2370E6A8}.InstallerMSI|x86.ActiveCfg = InstallerMSI|x86
		{2A321772-75B2-4601-A718-AF0A2370E6A8}.InstallerMSI|x86.Build.0 = InstallerMSI|x86
		{2A321772-75B2-4601-A718-AF0A2370E6A8}.Release|Any CPU.ActiveCfg = Standalone|x86
		{2A321772-75B2-4601-A718-AF0A2370E6A8}.Release|Any CPU.Build.0 = Standalone|x86
		{2A321772-75B2-4601-A718-AF0A2370E6A8}.Release|x86.ActiveCfg = Standalone|x86
		{2A321772-75B2-4601-A718-AF0A2370E6A8}.Release|x86.Build.0 = Standalone|x86
		{2A321772-75B2-4601-A718-AF0A2370E6A8}.Standalone|Any CPU.ActiveCfg = Standalone|x86
		{2A321772-75B2-4601-A718-AF0A2370E6A8}.Standalone|x86.ActiveCfg = Standalone|x86
		{2A321772-75B2-4601-A718-AF0A2370E6A8}.Standalone|x86.Build.0 = Standalone|x86
		{968378FA-A649-4058-A928-1FCD97B23070}.Debug|Any CPU.ActiveCfg = Debug|x86
		{968378FA-A649-4058-A928-1FCD97B23070}.Debug|x86.ActiveCfg = Debug|x86
		{968378FA-A649-4058-A928-1FCD97B23070}.Debug|x86.Build.0 = Debug|x86
		{968378FA-A649-4058-A928-1FCD97B23070}.DebugLang|Any CPU.ActiveCfg = DebugLang|x86
		{968378FA-A649-4058-A928-1FCD97B23070}.DebugLang|x86.ActiveCfg = DebugLang|x86
		{968378FA-A649-4058-A928-1FCD97B23070}.DebugLang|x86.Build.0 = DebugLang|x86
		{968378FA-A649-4058-A928-1FCD97B23070}.InstallerEXE|Any CPU.ActiveCfg = InstallerEXE|x86
		{968378FA-A649-4058-A928-1FCD97B23070}.InstallerEXE|x86.ActiveCfg = InstallerEXE|x86
		{968378FA-A649-4058-A928-1FCD97B23070}.InstallerEXE|x86.Build.0 = InstallerEXE|x86
		{968378FA-A649-4058-A928-1FCD97B23070}.InstallerMSI|Any CPU.ActiveCfg = InstallerMSI|x86
		{968378FA-A649-4058-A928-1FCD97B23070}.InstallerMSI|x86.ActiveCfg = InstallerMSI|x86
		{968378FA-A649-4058-A928-1FCD97B23070}.InstallerMSI|x86.Build.0 = InstallerMSI|x86
		{968378FA-A649-4058-A928-1FCD97B23070}.Release|Any CPU.ActiveCfg = DebugLang|x86
		{968378FA-A649-4058-A928-1FCD97B23070}.Release|Any CPU.Build.0 = DebugLang|x86
		{968378FA-A649-4058-A928-1FCD97B23070}.Release|x86.ActiveCfg = DebugLang|x86
		{968378FA-A649-4058-A928-1FCD97B23070}.Release|x86.Build.0 = DebugLang|x86
		{968378FA-A649-4058-A928-1FCD97B23070}.Standalone|Any CPU.ActiveCfg = Standalone|x86
		{968378FA-A649-4058-A928-1FCD97B23070}.Standalone|x86.ActiveCfg = Standalone|x86
		{968378FA-A649-4058-A928-1FCD97B23070}.Standalone|x86.Build.0 = Standalone|x86
		{4D349529-149B-498B-8A55-373E6A67E1F0}.Debug|Any CPU.ActiveCfg = Debug|Any CPU
		{4D349529-149B-498B-8A55-373E6A67E1F0}.Debug|Any CPU.Build.0 = Debug|Any CPU
		{4D349529-149B-498B-8A55-373E6A67E1F0}.Debug|x86.ActiveCfg = Debug|Any CPU
		{4D349529-149B-498B-8A55-373E6A67E1F0}.Debug|x86.Build.0 = Debug|Any CPU
		{4D349529-149B-498B-8A55-373E6A67E1F0}.DebugLang|Any CPU.ActiveCfg = Debug|Any CPU
		{4D349529-149B-498B-8A55-373E6A67E1F0}.DebugLang|Any CPU.Build.0 = Debug|Any CPU
		{4D349529-149B-498B-8A55-373E6A67E1F0}.DebugLang|x86.ActiveCfg = Debug|Any CPU
		{4D349529-149B-498B-8A55-373E6A67E1F0}.DebugLang|x86.Build.0 = Debug|Any CPU
		{4D349529-149B-498B-8A55-373E6A67E1F0}.InstallerEXE|Any CPU.ActiveCfg = Release|Any CPU
		{4D349529-149B-498B-8A55-373E6A67E1F0}.InstallerEXE|Any CPU.Build.0 = Release|Any CPU
		{4D349529-149B-498B-8A55-373E6A67E1F0}.InstallerEXE|x86.ActiveCfg = Release|Any CPU
		{4D349529-149B-498B-8A55-373E6A67E1F0}.InstallerEXE|x86.Build.0 = Release|Any CPU
		{4D349529-149B-498B-8A55-373E6A67E1F0}.InstallerMSI|Any CPU.ActiveCfg = Release|Any CPU
		{4D349529-149B-498B-8A55-373E6A67E1F0}.InstallerMSI|Any CPU.Build.0 = Release|Any CPU
		{4D349529-149B-498B-8A55-373E6A67E1F0}.InstallerMSI|x86.ActiveCfg = Release|Any CPU
		{4D349529-149B-498B-8A55-373E6A67E1F0}.InstallerMSI|x86.Build.0 = Release|Any CPU
		{4D349529-149B-498B-8A55-373E6A67E1F0}.Release|Any CPU.ActiveCfg = Release|Any CPU
		{4D349529-149B-498B-8A55-373E6A67E1F0}.Release|Any CPU.Build.0 = Release|Any CPU
		{4D349529-149B-498B-8A55-373E6A67E1F0}.Release|x86.ActiveCfg = Release|Any CPU
		{4D349529-149B-498B-8A55-373E6A67E1F0}.Release|x86.Build.0 = Release|Any CPU
		{4D349529-149B-498B-8A55-373E6A67E1F0}.Standalone|Any CPU.ActiveCfg = Release|Any CPU
		{4D349529-149B-498B-8A55-373E6A67E1F0}.Standalone|Any CPU.Build.0 = Release|Any CPU
		{4D349529-149B-498B-8A55-373E6A67E1F0}.Standalone|x86.ActiveCfg = Release|Any CPU
		{4D349529-149B-498B-8A55-373E6A67E1F0}.Standalone|x86.Build.0 = Release|Any CPU
		{F6CD6C88-49EA-4443-BB45-69FB79788C61}.Debug|Any CPU.ActiveCfg = Debug|Any CPU
		{F6CD6C88-49EA-4443-BB45-69FB79788C61}.Debug|Any CPU.Build.0 = Debug|Any CPU
		{F6CD6C88-49EA-4443-BB45-69FB79788C61}.Debug|x86.ActiveCfg = Debug|Any CPU
		{F6CD6C88-49EA-4443-BB45-69FB79788C61}.Debug|x86.Build.0 = Debug|Any CPU
		{F6CD6C88-49EA-4443-BB45-69FB79788C61}.DebugLang|Any CPU.ActiveCfg = Debug|Any CPU
		{F6CD6C88-49EA-4443-BB45-69FB79788C61}.DebugLang|Any CPU.Build.0 = Debug|Any CPU
		{F6CD6C88-49EA-4443-BB45-69FB79788C61}.DebugLang|x86.ActiveCfg = Debug|Any CPU
		{F6CD6C88-49EA-4443-BB45-69FB79788C61}.DebugLang|x86.Build.0 = Debug|Any CPU
		{F6CD6C88-49EA-4443-BB45-69FB79788C61}.InstallerEXE|Any CPU.ActiveCfg = Release|Any CPU
		{F6CD6C88-49EA-4443-BB45-69FB79788C61}.InstallerEXE|Any CPU.Build.0 = Release|Any CPU
		{F6CD6C88-49EA-4443-BB45-69FB79788C61}.InstallerEXE|x86.ActiveCfg = Release|Any CPU
		{F6CD6C88-49EA-4443-BB45-69FB79788C61}.InstallerEXE|x86.Build.0 = Release|Any CPU
		{F6CD6C88-49EA-4443-BB45-69FB79788C61}.InstallerMSI|Any CPU.ActiveCfg = Release|Any CPU
		{F6CD6C88-49EA-4443-BB45-69FB79788C61}.InstallerMSI|Any CPU.Build.0 = Release|Any CPU
		{F6CD6C88-49EA-4443-BB45-69FB79788C61}.InstallerMSI|x86.ActiveCfg = Release|Any CPU
		{F6CD6C88-49EA-4443-BB45-69FB79788C61}.InstallerMSI|x86.Build.0 = Release|Any CPU
		{F6CD6C88-49EA-4443-BB45-69FB79788C61}.Release|Any CPU.ActiveCfg = Release|Any CPU
		{F6CD6C88-49EA-4443-BB45-69FB79788C61}.Release|Any CPU.Build.0 = Release|Any CPU
		{F6CD6C88-49EA-4443-BB45-69FB79788C61}.Release|x86.ActiveCfg = Release|Any CPU
		{F6CD6C88-49EA-4443-BB45-69FB79788C61}.Release|x86.Build.0 = Release|Any CPU
		{F6CD6C88-49EA-4443-BB45-69FB79788C61}.Standalone|Any CPU.ActiveCfg = Release|Any CPU
		{F6CD6C88-49EA-4443-BB45-69FB79788C61}.Standalone|Any CPU.Build.0 = Release|Any CPU
		{F6CD6C88-49EA-4443-BB45-69FB79788C61}.Standalone|x86.ActiveCfg = Release|Any CPU
		{F6CD6C88-49EA-4443-BB45-69FB79788C61}.Standalone|x86.Build.0 = Release|Any CPU
		{A6BCC071-7667-4F8B-ACC2-6FC7F4A9CD32}.Debug|Any CPU.ActiveCfg = Debug|Any CPU
		{A6BCC071-7667-4F8B-ACC2-6FC7F4A9CD32}.Debug|Any CPU.Build.0 = Debug|Any CPU
		{A6BCC071-7667-4F8B-ACC2-6FC7F4A9CD32}.Debug|x86.ActiveCfg = Debug|Any CPU
		{A6BCC071-7667-4F8B-ACC2-6FC7F4A9CD32}.Debug|x86.Build.0 = Debug|Any CPU
		{A6BCC071-7667-4F8B-ACC2-6FC7F4A9CD32}.DebugLang|Any CPU.ActiveCfg = Debug|Any CPU
		{A6BCC071-7667-4F8B-ACC2-6FC7F4A9CD32}.DebugLang|Any CPU.Build.0 = Debug|Any CPU
		{A6BCC071-7667-4F8B-ACC2-6FC7F4A9CD32}.DebugLang|x86.ActiveCfg = Debug|Any CPU
		{A6BCC071-7667-4F8B-ACC2-6FC7F4A9CD32}.DebugLang|x86.Build.0 = Debug|Any CPU
		{A6BCC071-7667-4F8B-ACC2-6FC7F4A9CD32}.InstallerEXE|Any CPU.ActiveCfg = Release|Any CPU
		{A6BCC071-7667-4F8B-ACC2-6FC7F4A9CD32}.InstallerEXE|Any CPU.Build.0 = Release|Any CPU
		{A6BCC071-7667-4F8B-ACC2-6FC7F4A9CD32}.InstallerEXE|x86.ActiveCfg = Release|Any CPU
		{A6BCC071-7667-4F8B-ACC2-6FC7F4A9CD32}.InstallerEXE|x86.Build.0 = Release|Any CPU
		{A6BCC071-7667-4F8B-ACC2-6FC7F4A9CD32}.InstallerMSI|Any CPU.ActiveCfg = Release|Any CPU
		{A6BCC071-7667-4F8B-ACC2-6FC7F4A9CD32}.InstallerMSI|Any CPU.Build.0 = Release|Any CPU
		{A6BCC071-7667-4F8B-ACC2-6FC7F4A9CD32}.InstallerMSI|x86.ActiveCfg = Release|Any CPU
		{A6BCC071-7667-4F8B-ACC2-6FC7F4A9CD32}.InstallerMSI|x86.Build.0 = Release|Any CPU
		{A6BCC071-7667-4F8B-ACC2-6FC7F4A9CD32}.Release|Any CPU.ActiveCfg = Release|Any CPU
		{A6BCC071-7667-4F8B-ACC2-6FC7F4A9CD32}.Release|Any CPU.Build.0 = Release|Any CPU
		{A6BCC071-7667-4F8B-ACC2-6FC7F4A9CD32}.Release|x86.ActiveCfg = Release|Any CPU
		{A6BCC071-7667-4F8B-ACC2-6FC7F4A9CD32}.Release|x86.Build.0 = Release|Any CPU
		{A6BCC071-7667-4F8B-ACC2-6FC7F4A9CD32}.Standalone|Any CPU.ActiveCfg = Release|Any CPU
		{A6BCC071-7667-4F8B-ACC2-6FC7F4A9CD32}.Standalone|Any CPU.Build.0 = Release|Any CPU
		{A6BCC071-7667-4F8B-ACC2-6FC7F4A9CD32}.Standalone|x86.ActiveCfg = Release|Any CPU
		{A6BCC071-7667-4F8B-ACC2-6FC7F4A9CD32}.Standalone|x86.Build.0 = Release|Any CPU
		{BC0E3031-6C00-4707-A424-4FF04425D719}.Debug|Any CPU.ActiveCfg = Debug|Any CPU
		{BC0E3031-6C00-4707-A424-4FF04425D719}.Debug|Any CPU.Build.0 = Debug|Any CPU
		{BC0E3031-6C00-4707-A424-4FF04425D719}.Debug|x86.ActiveCfg = Debug|Any CPU
		{BC0E3031-6C00-4707-A424-4FF04425D719}.Debug|x86.Build.0 = Debug|Any CPU
		{BC0E3031-6C00-4707-A424-4FF04425D719}.DebugLang|Any CPU.ActiveCfg = Debug|Any CPU
		{BC0E3031-6C00-4707-A424-4FF04425D719}.DebugLang|Any CPU.Build.0 = Debug|Any CPU
		{BC0E3031-6C00-4707-A424-4FF04425D719}.DebugLang|x86.ActiveCfg = Debug|Any CPU
		{BC0E3031-6C00-4707-A424-4FF04425D719}.DebugLang|x86.Build.0 = Debug|Any CPU
		{BC0E3031-6C00-4707-A424-4FF04425D719}.InstallerEXE|Any CPU.ActiveCfg = InstallerEXE|Any CPU
		{BC0E3031-6C00-4707-A424-4FF04425D719}.InstallerEXE|Any CPU.Build.0 = InstallerEXE|Any CPU
		{BC0E3031-6C00-4707-A424-4FF04425D719}.InstallerEXE|x86.ActiveCfg = InstallerEXE|Any CPU
		{BC0E3031-6C00-4707-A424-4FF04425D719}.InstallerEXE|x86.Build.0 = InstallerEXE|Any CPU
		{BC0E3031-6C00-4707-A424-4FF04425D719}.InstallerMSI|Any CPU.ActiveCfg = InstallerMSI|Any CPU
		{BC0E3031-6C00-4707-A424-4FF04425D719}.InstallerMSI|Any CPU.Build.0 = InstallerMSI|Any CPU
		{BC0E3031-6C00-4707-A424-4FF04425D719}.InstallerMSI|x86.ActiveCfg = InstallerMSI|Any CPU
		{BC0E3031-6C00-4707-A424-4FF04425D719}.InstallerMSI|x86.Build.0 = InstallerMSI|Any CPU
		{BC0E3031-6C00-4707-A424-4FF04425D719}.Release|Any CPU.ActiveCfg = Standalone|Any CPU
		{BC0E3031-6C00-4707-A424-4FF04425D719}.Release|Any CPU.Build.0 = Standalone|Any CPU
		{BC0E3031-6C00-4707-A424-4FF04425D719}.Release|x86.ActiveCfg = Standalone|Any CPU
		{BC0E3031-6C00-4707-A424-4FF04425D719}.Release|x86.Build.0 = Standalone|Any CPU
		{BC0E3031-6C00-4707-A424-4FF04425D719}.Standalone|Any CPU.ActiveCfg = Standalone|Any CPU
		{BC0E3031-6C00-4707-A424-4FF04425D719}.Standalone|Any CPU.Build.0 = Standalone|Any CPU
		{BC0E3031-6C00-4707-A424-4FF04425D719}.Standalone|x86.ActiveCfg = Standalone|Any CPU
		{BC0E3031-6C00-4707-A424-4FF04425D719}.Standalone|x86.Build.0 = Standalone|Any CPU
		{11FC4BE1-882D-4ABA-8781-2F3F77DF9453}.Debug|Any CPU.ActiveCfg = Debug|x86
		{11FC4BE1-882D-4ABA-8781-2F3F77DF9453}.Debug|x86.ActiveCfg = Debug|x86
		{11FC4BE1-882D-4ABA-8781-2F3F77DF9453}.Debug|x86.Build.0 = Debug|x86
		{11FC4BE1-882D-4ABA-8781-2F3F77DF9453}.DebugLang|Any CPU.ActiveCfg = Release|x86
		{11FC4BE1-882D-4ABA-8781-2F3F77DF9453}.DebugLang|Any CPU.Build.0 = Release|x86
		{11FC4BE1-882D-4ABA-8781-2F3F77DF9453}.DebugLang|x86.ActiveCfg = Debug|x86
		{11FC4BE1-882D-4ABA-8781-2F3F77DF9453}.DebugLang|x86.Build.0 = Debug|x86
		{11FC4BE1-882D-4ABA-8781-2F3F77DF9453}.InstallerEXE|Any CPU.ActiveCfg = Release|x86
		{11FC4BE1-882D-4ABA-8781-2F3F77DF9453}.InstallerEXE|Any CPU.Build.0 = Release|x86
		{11FC4BE1-882D-4ABA-8781-2F3F77DF9453}.InstallerEXE|x86.ActiveCfg = Release|x86
		{11FC4BE1-882D-4ABA-8781-2F3F77DF9453}.InstallerEXE|x86.Build.0 = Release|x86
		{11FC4BE1-882D-4ABA-8781-2F3F77DF9453}.InstallerMSI|Any CPU.ActiveCfg = Release|x86
		{11FC4BE1-882D-4ABA-8781-2F3F77DF9453}.InstallerMSI|Any CPU.Build.0 = Release|x86
		{11FC4BE1-882D-4ABA-8781-2F3F77DF9453}.InstallerMSI|x86.ActiveCfg = Release|x86
		{11FC4BE1-882D-4ABA-8781-2F3F77DF9453}.InstallerMSI|x86.Build.0 = Release|x86
		{11FC4BE1-882D-4ABA-8781-2F3F77DF9453}.Release|Any CPU.ActiveCfg = Release|x86
		{11FC4BE1-882D-4ABA-8781-2F3F77DF9453}.Release|x86.ActiveCfg = Release|x86
		{11FC4BE1-882D-4ABA-8781-2F3F77DF9453}.Release|x86.Build.0 = Release|x86
		{11FC4BE1-882D-4ABA-8781-2F3F77DF9453}.Standalone|Any CPU.ActiveCfg = Release|x86
		{11FC4BE1-882D-4ABA-8781-2F3F77DF9453}.Standalone|Any CPU.Build.0 = Release|x86
		{11FC4BE1-882D-4ABA-8781-2F3F77DF9453}.Standalone|x86.ActiveCfg = Release|x86
		{11FC4BE1-882D-4ABA-8781-2F3F77DF9453}.Standalone|x86.Build.0 = Release|x86
		{BA9A65A0-00FE-4BF4-A023-7D804817453F}.Debug|Any CPU.ActiveCfg = Debug|Any CPU
		{BA9A65A0-00FE-4BF4-A023-7D804817453F}.Debug|Any CPU.Build.0 = Debug|Any CPU
		{BA9A65A0-00FE-4BF4-A023-7D804817453F}.Debug|x86.ActiveCfg = Debug|Any CPU
		{BA9A65A0-00FE-4BF4-A023-7D804817453F}.Debug|x86.Build.0 = Debug|Any CPU
		{BA9A65A0-00FE-4BF4-A023-7D804817453F}.DebugLang|Any CPU.ActiveCfg = Debug|Any CPU
		{BA9A65A0-00FE-4BF4-A023-7D804817453F}.DebugLang|Any CPU.Build.0 = Debug|Any CPU
		{BA9A65A0-00FE-4BF4-A023-7D804817453F}.DebugLang|x86.ActiveCfg = Debug|Any CPU
		{BA9A65A0-00FE-4BF4-A023-7D804817453F}.DebugLang|x86.Build.0 = Debug|Any CPU
		{BA9A65A0-00FE-4BF4-A023-7D804817453F}.InstallerEXE|Any CPU.ActiveCfg = InstallerEXE|Any CPU
		{BA9A65A0-00FE-4BF4-A023-7D804817453F}.InstallerEXE|Any CPU.Build.0 = InstallerEXE|Any CPU
		{BA9A65A0-00FE-4BF4-A023-7D804817453F}.InstallerEXE|x86.ActiveCfg = InstallerEXE|Any CPU
		{BA9A65A0-00FE-4BF4-A023-7D804817453F}.InstallerEXE|x86.Build.0 = InstallerEXE|Any CPU
		{BA9A65A0-00FE-4BF4-A023-7D804817453F}.InstallerMSI|Any CPU.ActiveCfg = InstallerMSI|Any CPU
		{BA9A65A0-00FE-4BF4-A023-7D804817453F}.InstallerMSI|Any CPU.Build.0 = InstallerMSI|Any CPU
		{BA9A65A0-00FE-4BF4-A023-7D804817453F}.InstallerMSI|x86.ActiveCfg = InstallerMSI|Any CPU
		{BA9A65A0-00FE-4BF4-A023-7D804817453F}.InstallerMSI|x86.Build.0 = InstallerMSI|Any CPU
		{BA9A65A0-00FE-4BF4-A023-7D804817453F}.Release|Any CPU.ActiveCfg = Standalone|Any CPU
		{BA9A65A0-00FE-4BF4-A023-7D804817453F}.Release|Any CPU.Build.0 = Standalone|Any CPU
		{BA9A65A0-00FE-4BF4-A023-7D804817453F}.Release|x86.ActiveCfg = Standalone|Any CPU
		{BA9A65A0-00FE-4BF4-A023-7D804817453F}.Release|x86.Build.0 = Standalone|Any CPU
		{BA9A65A0-00FE-4BF4-A023-7D804817453F}.Standalone|Any CPU.ActiveCfg = Standalone|Any CPU
		{BA9A65A0-00FE-4BF4-A023-7D804817453F}.Standalone|Any CPU.Build.0 = Standalone|Any CPU
		{BA9A65A0-00FE-4BF4-A023-7D804817453F}.Standalone|x86.ActiveCfg = Standalone|Any CPU
		{BA9A65A0-00FE-4BF4-A023-7D804817453F}.Standalone|x86.Build.0 = Standalone|Any CPU
		{F324DD33-7906-45C6-9C2E-3F8F2CDA9022}.Debug|Any CPU.ActiveCfg = Debug|Any CPU
		{F324DD33-7906-45C6-9C2E-3F8F2CDA9022}.Debug|Any CPU.Build.0 = Debug|Any CPU
		{F324DD33-7906-45C6-9C2E-3F8F2CDA9022}.Debug|x86.ActiveCfg = Debug|Any CPU
		{F324DD33-7906-45C6-9C2E-3F8F2CDA9022}.Debug|x86.Build.0 = Debug|Any CPU
		{F324DD33-7906-45C6-9C2E-3F8F2CDA9022}.DebugLang|Any CPU.ActiveCfg = Debug|Any CPU
		{F324DD33-7906-45C6-9C2E-3F8F2CDA9022}.DebugLang|Any CPU.Build.0 = Debug|Any CPU
		{F324DD33-7906-45C6-9C2E-3F8F2CDA9022}.DebugLang|x86.ActiveCfg = Debug|Any CPU
		{F324DD33-7906-45C6-9C2E-3F8F2CDA9022}.DebugLang|x86.Build.0 = Debug|Any CPU
		{F324DD33-7906-45C6-9C2E-3F8F2CDA9022}.InstallerEXE|Any CPU.ActiveCfg = Release|Any CPU
		{F324DD33-7906-45C6-9C2E-3F8F2CDA9022}.InstallerEXE|Any CPU.Build.0 = Release|Any CPU
		{F324DD33-7906-45C6-9C2E-3F8F2CDA9022}.InstallerEXE|x86.ActiveCfg = Release|Any CPU
		{F324DD33-7906-45C6-9C2E-3F8F2CDA9022}.InstallerEXE|x86.Build.0 = Release|Any CPU
		{F324DD33-7906-45C6-9C2E-3F8F2CDA9022}.InstallerMSI|Any CPU.ActiveCfg = Release|Any CPU
		{F324DD33-7906-45C6-9C2E-3F8F2CDA9022}.InstallerMSI|Any CPU.Build.0 = Release|Any CPU
		{F324DD33-7906-45C6-9C2E-3F8F2CDA9022}.InstallerMSI|x86.ActiveCfg = Release|Any CPU
		{F324DD33-7906-45C6-9C2E-3F8F2CDA9022}.InstallerMSI|x86.Build.0 = Release|Any CPU
		{F324DD33-7906-45C6-9C2E-3F8F2CDA9022}.Release|Any CPU.ActiveCfg = Release|Any CPU
		{F324DD33-7906-45C6-9C2E-3F8F2CDA9022}.Release|Any CPU.Build.0 = Release|Any CPU
		{F324DD33-7906-45C6-9C2E-3F8F2CDA9022}.Release|x86.ActiveCfg = Release|Any CPU
		{F324DD33-7906-45C6-9C2E-3F8F2CDA9022}.Release|x86.Build.0 = Release|Any CPU
		{F324DD33-7906-45C6-9C2E-3F8F2CDA9022}.Standalone|Any CPU.ActiveCfg = Release|Any CPU
		{F324DD33-7906-45C6-9C2E-3F8F2CDA9022}.Standalone|Any CPU.Build.0 = Release|Any CPU
		{F324DD33-7906-45C6-9C2E-3F8F2CDA9022}.Standalone|x86.ActiveCfg = Release|Any CPU
		{F324DD33-7906-45C6-9C2E-3F8F2CDA9022}.Standalone|x86.Build.0 = Release|Any CPU
	EndGlobalSection
	GlobalSection(SolutionProperties) = preSolution
		HideSolutionNode = FALSE
	EndGlobalSection
	GlobalSection(ExtensibilityGlobals) = postSolution
		SolutionGuid = {16FCAB6C-D573-4D6F-BE7A-DA347FC01213}
	EndGlobalSection
EndGlobal
